
Microsoft Visual Studio Solution File, Format Version 12.00
# Visual Studio Version 17
VisualStudioVersion = 17.11.35327.3
MinimumVisualStudioVersion = 10.0.40219.1
Project("{9A19103F-16F7-4668-BE54-9A1E7A4F7556}") = "PB.MVVMToolkit", "MVVMToolkit\PB.MVVMToolkit.csproj", "{5982A92C-47BA-4EAD-BF1B-29555B08947C}"
EndProject
Project("{9A19103F-16F7-4668-BE54-9A1E7A4F7556}") = "Nice3pointModule", "..\Nice3pointModule\Nice3pointModule.csproj", "{292A6237-2DFB-4E2A-AF70-760FE62E0DCA}"
EndProject
Global
	GlobalSection(SolutionConfigurationPlatforms) = preSolution
		Debug R20|Any CPU = Debug R20|Any CPU
		Debug R21|Any CPU = Debug R21|Any CPU
		Debug R22|Any CPU = Debug R22|Any CPU
		Debug R23|Any CPU = Debug R23|Any CPU
		Debug R24|Any CPU = Debug R24|Any CPU
		Debug R25|Any CPU = Debug R25|Any CPU
		Debug|Any CPU = Debug|Any CPU
		Release R20|Any CPU = Release R20|Any CPU
		Release R21|Any CPU = Release R21|Any CPU
		Release R22|Any CPU = Release R22|Any CPU
		Release R23|Any CPU = Release R23|Any CPU
		Release R24|Any CPU = Release R24|Any CPU
		Release R25|Any CPU = Release R25|Any CPU
		Release|Any CPU = Release|Any CPU
	EndGlobalSection
	GlobalSection(ProjectConfigurationPlatforms) = postSolution
		{5982A92C-47BA-4EAD-BF1B-29555B08947C}.Debug R20|Any CPU.ActiveCfg = Debug|Any CPU
		{5982A92C-47BA-4EAD-BF1B-29555B08947C}.Debug R20|Any CPU.Build.0 = Debug|Any CPU
		{5982A92C-47BA-4EAD-BF1B-29555B08947C}.Debug R21|Any CPU.ActiveCfg = Debug|Any CPU
		{5982A92C-47BA-4EAD-BF1B-29555B08947C}.Debug R21|Any CPU.Build.0 = Debug|Any CPU
		{5982A92C-47BA-4EAD-BF1B-29555B08947C}.Debug R22|Any CPU.ActiveCfg = Debug R22|Any CPU
		{5982A92C-47BA-4EAD-BF1B-29555B08947C}.Debug R22|Any CPU.Build.0 = Debug R22|Any CPU
		{5982A92C-47BA-4EAD-BF1B-29555B08947C}.Debug R23|Any CPU.ActiveCfg = Debug|Any CPU
		{5982A92C-47BA-4EAD-BF1B-29555B08947C}.Debug R23|Any CPU.Build.0 = Debug|Any CPU
		{5982A92C-47BA-4EAD-BF1B-29555B08947C}.Debug R24|Any CPU.ActiveCfg = Debug|Any CPU
		{5982A92C-47BA-4EAD-BF1B-29555B08947C}.Debug R24|Any CPU.Build.0 = Debug|Any CPU
		{5982A92C-47BA-4EAD-BF1B-29555B08947C}.Debug R25|Any CPU.ActiveCfg = Debug|Any CPU
		{5982A92C-47BA-4EAD-BF1B-29555B08947C}.Debug R25|Any CPU.Build.0 = Debug|Any CPU
		{5982A92C-47BA-4EAD-BF1B-29555B08947C}.Debug|Any CPU.ActiveCfg = Debug R22|Any CPU
		{5982A92C-47BA-4EAD-BF1B-29555B08947C}.Debug|Any CPU.Build.0 = Debug R22|Any CPU
		{5982A92C-47BA-4EAD-BF1B-29555B08947C}.Release R20|Any CPU.ActiveCfg = Release|Any CPU
		{5982A92C-47BA-4EAD-BF1B-29555B08947C}.Release R20|Any CPU.Build.0 = Release|Any CPU
		{5982A92C-47BA-4EAD-BF1B-29555B08947C}.Release R21|Any CPU.ActiveCfg = Release|Any CPU
		{5982A92C-47BA-4EAD-BF1B-29555B08947C}.Release R21|Any CPU.Build.0 = Release|Any CPU
		{5982A92C-47BA-4EAD-BF1B-29555B08947C}.Release R22|Any CPU.ActiveCfg = Release|Any CPU
		{5982A92C-47BA-4EAD-BF1B-29555B08947C}.Release R22|Any CPU.Build.0 = Release|Any CPU
		{5982A92C-47BA-4EAD-BF1B-29555B08947C}.Release R23|Any CPU.ActiveCfg = Release|Any CPU
		{5982A92C-47BA-4EAD-BF1B-29555B08947C}.Release R23|Any CPU.Build.0 = Release|Any CPU
		{5982A92C-47BA-4EAD-BF1B-29555B08947C}.Release R24|Any CPU.ActiveCfg = Release|Any CPU
		{5982A92C-47BA-4EAD-BF1B-29555B08947C}.Release R24|Any CPU.Build.0 = Release|Any CPU
		{5982A92C-47BA-4EAD-BF1B-29555B08947C}.Release R25|Any CPU.ActiveCfg = Release|Any CPU
		{5982A92C-47BA-4EAD-BF1B-29555B08947C}.Release R25|Any CPU.Build.0 = Release|Any CPU
		{5982A92C-47BA-4EAD-BF1B-29555B08947C}.Release|Any CPU.ActiveCfg = Release|Any CPU
		{5982A92C-47BA-4EAD-BF1B-29555B08947C}.Release|Any CPU.Build.0 = Release|Any CPU
		{292A6237-2DFB-4E2A-AF70-760FE62E0DCA}.Debug R20|Any CPU.ActiveCfg = Debug R20|Any CPU
		{292A6237-2DFB-4E2A-AF70-760FE62E0DCA}.Debug R20|Any CPU.Build.0 = Debug R20|Any CPU
		{292A6237-2DFB-4E2A-AF70-760FE62E0DCA}.Debug R21|Any CPU.ActiveCfg = Debug R21|Any CPU
		{292A6237-2DFB-4E2A-AF70-760FE62E0DCA}.Debug R21|Any CPU.Build.0 = Debug R21|Any CPU
		{292A6237-2DFB-4E2A-AF70-760FE62E0DCA}.Debug R22|Any CPU.ActiveCfg = Debug R22|Any CPU
		{292A6237-2DFB-4E2A-AF70-760FE62E0DCA}.Debug R22|Any CPU.Build.0 = Debug R22|Any CPU
		{292A6237-2DFB-4E2A-AF70-760FE62E0DCA}.Debug R23|Any CPU.ActiveCfg = Debug R23|Any CPU
		{292A6237-2DFB-4E2A-AF70-760FE62E0DCA}.Debug R23|Any CPU.Build.0 = Debug R23|Any CPU
		{292A6237-2DFB-4E2A-AF70-760FE62E0DCA}.Debug R24|Any CPU.ActiveCfg = Debug R24|Any CPU
		{292A6237-2DFB-4E2A-AF70-760FE62E0DCA}.Debug R24|Any CPU.Build.0 = Debug R24|Any CPU
		{292A6237-2DFB-4E2A-AF70-760FE62E0DCA}.Debug R25|Any CPU.ActiveCfg = Debug R25|Any CPU
		{292A6237-2DFB-4E2A-AF70-760FE62E0DCA}.Debug R25|Any CPU.Build.0 = Debug R25|Any CPU
		{292A6237-2DFB-4E2A-AF70-760FE62E0DCA}.Debug|Any CPU.ActiveCfg = Debug R22|Any CPU
		{292A6237-2DFB-4E2A-AF70-760FE62E0DCA}.Debug|Any CPU.Build.0 = Debug R22|Any CPU
		{292A6237-2DFB-4E2A-AF70-760FE62E0DCA}.Release R20|Any CPU.ActiveCfg = Release R20|Any CPU
		{292A6237-2DFB-4E2A-AF70-760FE62E0DCA}.Release R20|Any CPU.Build.0 = Release R20|Any CPU
		{292A6237-2DFB-4E2A-AF70-760FE62E0DCA}.Release R21|Any CPU.ActiveCfg = Release R21|Any CPU
		{292A6237-2DFB-4E2A-AF70-760FE62E0DCA}.Release R21|Any CPU.Build.0 = Release R21|Any CPU
		{292A6237-2DFB-4E2A-AF70-760FE62E0DCA}.Release R22|Any CPU.ActiveCfg = Release R22|Any CPU
		{292A6237-2DFB-4E2A-AF70-760FE62E0DCA}.Release R22|Any CPU.Build.0 = Release R22|Any CPU
		{292A6237-2DFB-4E2A-AF70-760FE62E0DCA}.Release R23|Any CPU.ActiveCfg = Release R23|Any CPU
		{292A6237-2DFB-4E2A-AF70-760FE62E0DCA}.Release R23|Any CPU.Build.0 = Release R23|Any CPU
		{292A6237-2DFB-4E2A-AF70-760FE62E0DCA}.Release R24|Any CPU.ActiveCfg = Release R24|Any CPU
		{292A6237-2DFB-4E2A-AF70-760FE62E0DCA}.Release R24|Any CPU.Build.0 = Release R24|Any CPU
		{292A6237-2DFB-4E2A-AF70-760FE62E0DCA}.Release R25|Any CPU.ActiveCfg = Release R25|Any CPU
		{292A6237-2DFB-4E2A-AF70-760FE62E0DCA}.Release R25|Any CPU.Build.0 = Release R25|Any CPU
		{292A6237-2DFB-4E2A-AF70-760FE62E0DCA}.Release|Any CPU.ActiveCfg = Release R20|Any CPU
		{292A6237-2DFB-4E2A-AF70-760FE62E0DCA}.Release|Any CPU.Build.0 = Release R20|Any CPU
	EndGlobalSection
	GlobalSection(SolutionProperties) = preSolution
		HideSolutionNode = FALSE
	EndGlobalSection
	GlobalSection(ExtensibilityGlobals) = postSolution
		SolutionGuid = {FB1120FA-E60F-4E0F-8138-56B4746F7E28}
	EndGlobalSection
EndGlobal
